// !$*UTF8*$!
{
	archiveVersion = 1;
	classes = {
	};
	objectVersion = 46;
	objects = {

/* Begin PBXBuildFile section */
		F728F57919FF4CA500BB7AC1 /* main.m in Sources */ = {isa = PBXBuildFile; fileRef = F728F57819FF4CA500BB7AC1 /* main.m */; };
		F728F57C19FF4CA500BB7AC1 /* AppDelegate.m in Sources */ = {isa = PBXBuildFile; fileRef = F728F57B19FF4CA500BB7AC1 /* AppDelegate.m */; };
		F728F57F19FF4CA500BB7AC1 /* CCalc.xcdatamodeld in Sources */ = {isa = PBXBuildFile; fileRef = F728F57D19FF4CA500BB7AC1 /* CCalc.xcdatamodeld */; };
		F728F58719FF4CA500BB7AC1 /* Images.xcassets in Resources */ = {isa = PBXBuildFile; fileRef = F728F58619FF4CA500BB7AC1 /* Images.xcassets */; };
		F728F59619FF4CA600BB7AC1 /* CCalcTests.m in Sources */ = {isa = PBXBuildFile; fileRef = F728F59519FF4CA600BB7AC1 /* CCalcTests.m */; };
		F728F5A519FF4D1500BB7AC1 /* CCMenuItem.m in Sources */ = {isa = PBXBuildFile; fileRef = F728F5A019FF4D1500BB7AC1 /* CCMenuItem.m */; };
		F728F5A619FF4D1500BB7AC1 /* CCIngredientItem.m in Sources */ = {isa = PBXBuildFile; fileRef = F728F5A219FF4D1500BB7AC1 /* CCIngredientItem.m */; };
		F728F5A719FF4D1500BB7AC1 /* CCNutrition.m in Sources */ = {isa = PBXBuildFile; fileRef = F728F5A419FF4D1500BB7AC1 /* CCNutrition.m */; };
		F728F5D219FF4D5900BB7AC1 /* FUICellBackgroundView.m in Sources */ = {isa = PBXBuildFile; fileRef = F728F5AF19FF4D5800BB7AC1 /* FUICellBackgroundView.m */; };
		F728F5D819FF4D5900BB7AC1 /* UIColor+FlatUI.m in Sources */ = {isa = PBXBuildFile; fileRef = F728F5BB19FF4D5800BB7AC1 /* UIColor+FlatUI.m */; };
		F728F5E119FF4D5900BB7AC1 /* UITableViewCell+FlatUI.m in Sources */ = {isa = PBXBuildFile; fileRef = F728F5CD19FF4D5900BB7AC1 /* UITableViewCell+FlatUI.m */; };
		F728F5F819FF4D9E00BB7AC1 /* Main.storyboard in Resources */ = {isa = PBXBuildFile; fileRef = F728F5E419FF4D9E00BB7AC1 /* Main.storyboard */; };
		F728F5F919FF4D9E00BB7AC1 /* AppRootViewController.m in Sources */ = {isa = PBXBuildFile; fileRef = F728F5E619FF4D9E00BB7AC1 /* AppRootViewController.m */; };
		F728F5FA19FF4D9E00BB7AC1 /* MealViewController.m in Sources */ = {isa = PBXBuildFile; fileRef = F728F5E819FF4D9E00BB7AC1 /* MealViewController.m */; };
		F728F5FB19FF4D9E00BB7AC1 /* MeatViewController.m in Sources */ = {isa = PBXBuildFile; fileRef = F728F5EA19FF4D9E00BB7AC1 /* MeatViewController.m */; };
		F728F5FC19FF4D9E00BB7AC1 /* BeansViewController.m in Sources */ = {isa = PBXBuildFile; fileRef = F728F5EC19FF4D9E00BB7AC1 /* BeansViewController.m */; };
		F728F5FD19FF4D9E00BB7AC1 /* SalsaViewController.m in Sources */ = {isa = PBXBuildFile; fileRef = F728F5EE19FF4D9E00BB7AC1 /* SalsaViewController.m */; };
		F728F5FE19FF4D9E00BB7AC1 /* CondimentViewController.m in Sources */ = {isa = PBXBuildFile; fileRef = F728F5F019FF4D9E00BB7AC1 /* CondimentViewController.m */; };
		F728F5FF19FF4D9E00BB7AC1 /* SummaryViewController.m in Sources */ = {isa = PBXBuildFile; fileRef = F728F5F219FF4D9E00BB7AC1 /* SummaryViewController.m */; };
		F728F60019FF4D9E00BB7AC1 /* EditMenuTableViewController.m in Sources */ = {isa = PBXBuildFile; fileRef = F728F5F419FF4D9E00BB7AC1 /* EditMenuTableViewController.m */; };
		F728F60119FF4D9E00BB7AC1 /* TableViewCell.m in Sources */ = {isa = PBXBuildFile; fileRef = F728F5F619FF4D9E00BB7AC1 /* TableViewCell.m */; };
		F728F60219FF4D9E00BB7AC1 /* TableViewCell.xib in Resources */ = {isa = PBXBuildFile; fileRef = F728F5F719FF4D9E00BB7AC1 /* TableViewCell.xib */; };
		F728F6081A0445F700BB7AC1 /* LoadItemsTableViewController.m in Sources */ = {isa = PBXBuildFile; fileRef = F728F6071A0445F700BB7AC1 /* LoadItemsTableViewController.m */; };
		F728F60B1A04527100BB7AC1 /* LoadedDetailsTableViewController.m in Sources */ = {isa = PBXBuildFile; fileRef = F728F60A1A04527100BB7AC1 /* LoadedDetailsTableViewController.m */; };
		F742A2D91AF4A42E00CB1988 /* iAd.framework in Frameworks */ = {isa = PBXBuildFile; fileRef = F742A2D81AF4A42E00CB1988 /* iAd.framework */; };
		F742A2DC1AF51BA300CB1988 /* UIViewController+RRAdditions.m in Sources */ = {isa = PBXBuildFile; fileRef = F742A2DB1AF51BA300CB1988 /* UIViewController+RRAdditions.m */; };
		F742A2E01AF51BDD00CB1988 /* Load Meals.storyboard in Resources */ = {isa = PBXBuildFile; fileRef = F742A2DF1AF51BDD00CB1988 /* Load Meals.storyboard */; };
		F742A2E41AF6A4E000CB1988 /* CreateMealsRoot.storyboard in Resources */ = {isa = PBXBuildFile; fileRef = F742A2E31AF6A4E000CB1988 /* CreateMealsRoot.storyboard */; };
		F742A2E71AF6A9E400CB1988 /* CreateMealsRootViewController.m in Sources */ = {isa = PBXBuildFile; fileRef = F742A2E61AF6A9E400CB1988 /* CreateMealsRootViewController.m */; };
		F77899591C4EAB95001841D4 /* NSString+RRAdditions.m in Sources */ = {isa = PBXBuildFile; fileRef = F77899581C4EAB95001841D4 /* NSString+RRAdditions.m */; };
		F778995E1C4EB47C001841D4 /* MainStoryboard.storyboard in Resources */ = {isa = PBXBuildFile; fileRef = F778995D1C4EB47C001841D4 /* MainStoryboard.storyboard */; };
		F7A8EC0A1B011F6B00265A72 /* SummaryViewController.storyboard in Resources */ = {isa = PBXBuildFile; fileRef = F7A8EC091B011F6B00265A72 /* SummaryViewController.storyboard */; };
		F7DFC0FE1A0538C70011B349 /* SavedMenuItems.m in Sources */ = {isa = PBXBuildFile; fileRef = F7DFC0FD1A0538C70011B349 /* SavedMenuItems.m */; };
		F7DFC1011A0538C70011B349 /* Ingredients.m in Sources */ = {isa = PBXBuildFile; fileRef = F7DFC1001A0538C70011B349 /* Ingredients.m */; };
		F7EF536A1C4EC8AD00467559 /* SettingsViewController.m in Sources */ = {isa = PBXBuildFile; fileRef = F7EF53691C4EC8AD00467559 /* SettingsViewController.m */; };
		F7EF536F1C4EDB6100467559 /* NewMealViewController.m in Sources */ = {isa = PBXBuildFile; fileRef = F7EF536E1C4EDB6100467559 /* NewMealViewController.m */; };
		F7EF53721C4EDB7000467559 /* SavedMealsViewController.m in Sources */ = {isa = PBXBuildFile; fileRef = F7EF53711C4EDB7000467559 /* SavedMealsViewController.m */; };
		F7EF53761C4EF82F00467559 /* TotalsViewController.m in Sources */ = {isa = PBXBuildFile; fileRef = F7EF53751C4EF82F00467559 /* TotalsViewController.m */; };
/* End PBXBuildFile section */

/* Begin PBXContainerItemProxy section */
		F728F59019FF4CA600BB7AC1 /* PBXContainerItemProxy */ = {
			isa = PBXContainerItemProxy;
			containerPortal = F728F56B19FF4CA500BB7AC1 /* Project object */;
			proxyType = 1;
			remoteGlobalIDString = F728F57219FF4CA500BB7AC1;
			remoteInfo = CCalc;
		};
/* End PBXContainerItemProxy section */

/* Begin PBXFileReference section */
		F728F57319FF4CA500BB7AC1 /* CCalc.app */ = {isa = PBXFileReference; explicitFileType = wrapper.application; includeInIndex = 0; path = CCalc.app; sourceTree = BUILT_PRODUCTS_DIR; };
		F728F57719FF4CA500BB7AC1 /* Info.plist */ = {isa = PBXFileReference; lastKnownFileType = text.plist.xml; path = Info.plist; sourceTree = "<group>"; };
		F728F57819FF4CA500BB7AC1 /* main.m */ = {isa = PBXFileReference; lastKnownFileType = sourcecode.c.objc; path = main.m; sourceTree = "<group>"; };
		F728F57A19FF4CA500BB7AC1 /* AppDelegate.h */ = {isa = PBXFileReference; lastKnownFileType = sourcecode.c.h; path = AppDelegate.h; sourceTree = "<group>"; };
		F728F57B19FF4CA500BB7AC1 /* AppDelegate.m */ = {isa = PBXFileReference; lastKnownFileType = sourcecode.c.objc; path = AppDelegate.m; sourceTree = "<group>"; };
		F728F57E19FF4CA500BB7AC1 /* CCalc.xcdatamodel */ = {isa = PBXFileReference; lastKnownFileType = wrapper.xcdatamodel; path = CCalc.xcdatamodel; sourceTree = "<group>"; };
		F728F58619FF4CA500BB7AC1 /* Images.xcassets */ = {isa = PBXFileReference; lastKnownFileType = folder.assetcatalog; path = Images.xcassets; sourceTree = "<group>"; };
		F728F58F19FF4CA600BB7AC1 /* CCalcTests.xctest */ = {isa = PBXFileReference; explicitFileType = wrapper.cfbundle; includeInIndex = 0; path = CCalcTests.xctest; sourceTree = BUILT_PRODUCTS_DIR; };
		F728F59419FF4CA600BB7AC1 /* Info.plist */ = {isa = PBXFileReference; lastKnownFileType = text.plist.xml; path = Info.plist; sourceTree = "<group>"; };
		F728F59519FF4CA600BB7AC1 /* CCalcTests.m */ = {isa = PBXFileReference; lastKnownFileType = sourcecode.c.objc; path = CCalcTests.m; sourceTree = "<group>"; };
		F728F59F19FF4D1400BB7AC1 /* CCMenuItem.h */ = {isa = PBXFileReference; fileEncoding = 4; lastKnownFileType = sourcecode.c.h; path = CCMenuItem.h; sourceTree = "<group>"; };
		F728F5A019FF4D1500BB7AC1 /* CCMenuItem.m */ = {isa = PBXFileReference; fileEncoding = 4; lastKnownFileType = sourcecode.c.objc; path = CCMenuItem.m; sourceTree = "<group>"; };
		F728F5A119FF4D1500BB7AC1 /* CCIngredientItem.h */ = {isa = PBXFileReference; fileEncoding = 4; lastKnownFileType = sourcecode.c.h; path = CCIngredientItem.h; sourceTree = "<group>"; };
		F728F5A219FF4D1500BB7AC1 /* CCIngredientItem.m */ = {isa = PBXFileReference; fileEncoding = 4; lastKnownFileType = sourcecode.c.objc; path = CCIngredientItem.m; sourceTree = "<group>"; };
		F728F5A319FF4D1500BB7AC1 /* CCNutrition.h */ = {isa = PBXFileReference; fileEncoding = 4; lastKnownFileType = sourcecode.c.h; path = CCNutrition.h; sourceTree = "<group>"; };
		F728F5A419FF4D1500BB7AC1 /* CCNutrition.m */ = {isa = PBXFileReference; fileEncoding = 4; lastKnownFileType = sourcecode.c.objc; path = CCNutrition.m; sourceTree = "<group>"; };
		F728F5A919FF4D5800BB7AC1 /* FlatUIKit.h */ = {isa = PBXFileReference; fileEncoding = 4; lastKnownFileType = sourcecode.c.h; path = FlatUIKit.h; sourceTree = "<group>"; };
		F728F5AE19FF4D5800BB7AC1 /* FUICellBackgroundView.h */ = {isa = PBXFileReference; fileEncoding = 4; lastKnownFileType = sourcecode.c.h; path = FUICellBackgroundView.h; sourceTree = "<group>"; };
		F728F5AF19FF4D5800BB7AC1 /* FUICellBackgroundView.m */ = {isa = PBXFileReference; fileEncoding = 4; lastKnownFileType = sourcecode.c.objc; path = FUICellBackgroundView.m; sourceTree = "<group>"; };
		F728F5BA19FF4D5800BB7AC1 /* UIColor+FlatUI.h */ = {isa = PBXFileReference; fileEncoding = 4; lastKnownFileType = sourcecode.c.h; path = "UIColor+FlatUI.h"; sourceTree = "<group>"; };
		F728F5BB19FF4D5800BB7AC1 /* UIColor+FlatUI.m */ = {isa = PBXFileReference; fileEncoding = 4; lastKnownFileType = sourcecode.c.objc; path = "UIColor+FlatUI.m"; sourceTree = "<group>"; };
		F728F5CC19FF4D5900BB7AC1 /* UITableViewCell+FlatUI.h */ = {isa = PBXFileReference; fileEncoding = 4; lastKnownFileType = sourcecode.c.h; path = "UITableViewCell+FlatUI.h"; sourceTree = "<group>"; };
		F728F5CD19FF4D5900BB7AC1 /* UITableViewCell+FlatUI.m */ = {isa = PBXFileReference; fileEncoding = 4; lastKnownFileType = sourcecode.c.objc; path = "UITableViewCell+FlatUI.m"; sourceTree = "<group>"; };
		F728F5E419FF4D9E00BB7AC1 /* Main.storyboard */ = {isa = PBXFileReference; fileEncoding = 4; lastKnownFileType = file.storyboard; path = Main.storyboard; sourceTree = "<group>"; };
		F728F5E519FF4D9E00BB7AC1 /* AppRootViewController.h */ = {isa = PBXFileReference; fileEncoding = 4; lastKnownFileType = sourcecode.c.h; path = AppRootViewController.h; sourceTree = "<group>"; };
		F728F5E619FF4D9E00BB7AC1 /* AppRootViewController.m */ = {isa = PBXFileReference; fileEncoding = 4; lastKnownFileType = sourcecode.c.objc; path = AppRootViewController.m; sourceTree = "<group>"; };
		F728F5E719FF4D9E00BB7AC1 /* MealViewController.h */ = {isa = PBXFileReference; fileEncoding = 4; lastKnownFileType = sourcecode.c.h; path = MealViewController.h; sourceTree = "<group>"; };
		F728F5E819FF4D9E00BB7AC1 /* MealViewController.m */ = {isa = PBXFileReference; fileEncoding = 4; lastKnownFileType = sourcecode.c.objc; path = MealViewController.m; sourceTree = "<group>"; };
		F728F5E919FF4D9E00BB7AC1 /* MeatViewController.h */ = {isa = PBXFileReference; fileEncoding = 4; lastKnownFileType = sourcecode.c.h; path = MeatViewController.h; sourceTree = "<group>"; };
		F728F5EA19FF4D9E00BB7AC1 /* MeatViewController.m */ = {isa = PBXFileReference; fileEncoding = 4; lastKnownFileType = sourcecode.c.objc; path = MeatViewController.m; sourceTree = "<group>"; };
		F728F5EB19FF4D9E00BB7AC1 /* BeansViewController.h */ = {isa = PBXFileReference; fileEncoding = 4; lastKnownFileType = sourcecode.c.h; path = BeansViewController.h; sourceTree = "<group>"; };
		F728F5EC19FF4D9E00BB7AC1 /* BeansViewController.m */ = {isa = PBXFileReference; fileEncoding = 4; lastKnownFileType = sourcecode.c.objc; path = BeansViewController.m; sourceTree = "<group>"; };
		F728F5ED19FF4D9E00BB7AC1 /* SalsaViewController.h */ = {isa = PBXFileReference; fileEncoding = 4; lastKnownFileType = sourcecode.c.h; path = SalsaViewController.h; sourceTree = "<group>"; };
		F728F5EE19FF4D9E00BB7AC1 /* SalsaViewController.m */ = {isa = PBXFileReference; fileEncoding = 4; lastKnownFileType = sourcecode.c.objc; path = SalsaViewController.m; sourceTree = "<group>"; };
		F728F5EF19FF4D9E00BB7AC1 /* CondimentViewController.h */ = {isa = PBXFileReference; fileEncoding = 4; lastKnownFileType = sourcecode.c.h; path = CondimentViewController.h; sourceTree = "<group>"; };
		F728F5F019FF4D9E00BB7AC1 /* CondimentViewController.m */ = {isa = PBXFileReference; fileEncoding = 4; lastKnownFileType = sourcecode.c.objc; path = CondimentViewController.m; sourceTree = "<group>"; };
		F728F5F119FF4D9E00BB7AC1 /* SummaryViewController.h */ = {isa = PBXFileReference; fileEncoding = 4; lastKnownFileType = sourcecode.c.h; path = SummaryViewController.h; sourceTree = "<group>"; };
		F728F5F219FF4D9E00BB7AC1 /* SummaryViewController.m */ = {isa = PBXFileReference; fileEncoding = 4; lastKnownFileType = sourcecode.c.objc; path = SummaryViewController.m; sourceTree = "<group>"; };
		F728F5F319FF4D9E00BB7AC1 /* EditMenuTableViewController.h */ = {isa = PBXFileReference; fileEncoding = 4; lastKnownFileType = sourcecode.c.h; path = EditMenuTableViewController.h; sourceTree = "<group>"; };
		F728F5F419FF4D9E00BB7AC1 /* EditMenuTableViewController.m */ = {isa = PBXFileReference; fileEncoding = 4; lastKnownFileType = sourcecode.c.objc; path = EditMenuTableViewController.m; sourceTree = "<group>"; };
		F728F5F519FF4D9E00BB7AC1 /* TableViewCell.h */ = {isa = PBXFileReference; fileEncoding = 4; lastKnownFileType = sourcecode.c.h; path = TableViewCell.h; sourceTree = "<group>"; };
		F728F5F619FF4D9E00BB7AC1 /* TableViewCell.m */ = {isa = PBXFileReference; fileEncoding = 4; lastKnownFileType = sourcecode.c.objc; path = TableViewCell.m; sourceTree = "<group>"; };
		F728F5F719FF4D9E00BB7AC1 /* TableViewCell.xib */ = {isa = PBXFileReference; fileEncoding = 4; lastKnownFileType = file.xib; path = TableViewCell.xib; sourceTree = "<group>"; };
		F728F6061A0445F700BB7AC1 /* LoadItemsTableViewController.h */ = {isa = PBXFileReference; fileEncoding = 4; lastKnownFileType = sourcecode.c.h; path = LoadItemsTableViewController.h; sourceTree = "<group>"; };
		F728F6071A0445F700BB7AC1 /* LoadItemsTableViewController.m */ = {isa = PBXFileReference; fileEncoding = 4; lastKnownFileType = sourcecode.c.objc; path = LoadItemsTableViewController.m; sourceTree = "<group>"; };
		F728F6091A04527100BB7AC1 /* LoadedDetailsTableViewController.h */ = {isa = PBXFileReference; fileEncoding = 4; lastKnownFileType = sourcecode.c.h; path = LoadedDetailsTableViewController.h; sourceTree = "<group>"; };
		F728F60A1A04527100BB7AC1 /* LoadedDetailsTableViewController.m */ = {isa = PBXFileReference; fileEncoding = 4; lastKnownFileType = sourcecode.c.objc; path = LoadedDetailsTableViewController.m; sourceTree = "<group>"; };
		F742A2D81AF4A42E00CB1988 /* iAd.framework */ = {isa = PBXFileReference; lastKnownFileType = wrapper.framework; name = iAd.framework; path = System/Library/Frameworks/iAd.framework; sourceTree = SDKROOT; };
		F742A2DA1AF51BA300CB1988 /* UIViewController+RRAdditions.h */ = {isa = PBXFileReference; fileEncoding = 4; lastKnownFileType = sourcecode.c.h; path = "UIViewController+RRAdditions.h"; sourceTree = "<group>"; };
		F742A2DB1AF51BA300CB1988 /* UIViewController+RRAdditions.m */ = {isa = PBXFileReference; fileEncoding = 4; lastKnownFileType = sourcecode.c.objc; path = "UIViewController+RRAdditions.m"; sourceTree = "<group>"; };
		F742A2DF1AF51BDD00CB1988 /* Load Meals.storyboard */ = {isa = PBXFileReference; fileEncoding = 4; lastKnownFileType = file.storyboard; path = "Load Meals.storyboard"; sourceTree = "<group>"; };
		F742A2E31AF6A4E000CB1988 /* CreateMealsRoot.storyboard */ = {isa = PBXFileReference; fileEncoding = 4; lastKnownFileType = file.storyboard; path = CreateMealsRoot.storyboard; sourceTree = "<group>"; };
		F742A2E51AF6A9E300CB1988 /* CreateMealsRootViewController.h */ = {isa = PBXFileReference; fileEncoding = 4; lastKnownFileType = sourcecode.c.h; path = CreateMealsRootViewController.h; sourceTree = "<group>"; };
		F742A2E61AF6A9E400CB1988 /* CreateMealsRootViewController.m */ = {isa = PBXFileReference; fileEncoding = 4; lastKnownFileType = sourcecode.c.objc; path = CreateMealsRootViewController.m; sourceTree = "<group>"; };
		F77899571C4EAB95001841D4 /* NSString+RRAdditions.h */ = {isa = PBXFileReference; fileEncoding = 4; lastKnownFileType = sourcecode.c.h; path = "NSString+RRAdditions.h"; sourceTree = "<group>"; };
		F77899581C4EAB95001841D4 /* NSString+RRAdditions.m */ = {isa = PBXFileReference; fileEncoding = 4; lastKnownFileType = sourcecode.c.objc; path = "NSString+RRAdditions.m"; sourceTree = "<group>"; };
		F778995D1C4EB47C001841D4 /* MainStoryboard.storyboard */ = {isa = PBXFileReference; fileEncoding = 4; lastKnownFileType = file.storyboard; path = MainStoryboard.storyboard; sourceTree = "<group>"; };
		F7A8EC091B011F6B00265A72 /* SummaryViewController.storyboard */ = {isa = PBXFileReference; fileEncoding = 4; lastKnownFileType = file.storyboard; path = SummaryViewController.storyboard; sourceTree = "<group>"; };
		F7DFC0FC1A0538C70011B349 /* SavedMenuItems.h */ = {isa = PBXFileReference; fileEncoding = 4; lastKnownFileType = sourcecode.c.h; path = SavedMenuItems.h; sourceTree = "<group>"; };
		F7DFC0FD1A0538C70011B349 /* SavedMenuItems.m */ = {isa = PBXFileReference; fileEncoding = 4; lastKnownFileType = sourcecode.c.objc; path = SavedMenuItems.m; sourceTree = "<group>"; };
		F7DFC0FF1A0538C70011B349 /* Ingredients.h */ = {isa = PBXFileReference; fileEncoding = 4; lastKnownFileType = sourcecode.c.h; path = Ingredients.h; sourceTree = "<group>"; };
		F7DFC1001A0538C70011B349 /* Ingredients.m */ = {isa = PBXFileReference; fileEncoding = 4; lastKnownFileType = sourcecode.c.objc; path = Ingredients.m; sourceTree = "<group>"; };
		F7EF53681C4EC8AD00467559 /* SettingsViewController.h */ = {isa = PBXFileReference; fileEncoding = 4; lastKnownFileType = sourcecode.c.h; path = SettingsViewController.h; sourceTree = "<group>"; };
		F7EF53691C4EC8AD00467559 /* SettingsViewController.m */ = {isa = PBXFileReference; fileEncoding = 4; lastKnownFileType = sourcecode.c.objc; path = SettingsViewController.m; sourceTree = "<group>"; };
		F7EF536D1C4EDB6100467559 /* NewMealViewController.h */ = {isa = PBXFileReference; fileEncoding = 4; lastKnownFileType = sourcecode.c.h; path = NewMealViewController.h; sourceTree = "<group>"; };
		F7EF536E1C4EDB6100467559 /* NewMealViewController.m */ = {isa = PBXFileReference; fileEncoding = 4; lastKnownFileType = sourcecode.c.objc; path = NewMealViewController.m; sourceTree = "<group>"; };
		F7EF53701C4EDB7000467559 /* SavedMealsViewController.h */ = {isa = PBXFileReference; fileEncoding = 4; lastKnownFileType = sourcecode.c.h; path = SavedMealsViewController.h; sourceTree = "<group>"; };
		F7EF53711C4EDB7000467559 /* SavedMealsViewController.m */ = {isa = PBXFileReference; fileEncoding = 4; lastKnownFileType = sourcecode.c.objc; path = SavedMealsViewController.m; sourceTree = "<group>"; };
		F7EF53741C4EF82F00467559 /* TotalsViewController.h */ = {isa = PBXFileReference; fileEncoding = 4; lastKnownFileType = sourcecode.c.h; path = TotalsViewController.h; sourceTree = "<group>"; };
		F7EF53751C4EF82F00467559 /* TotalsViewController.m */ = {isa = PBXFileReference; fileEncoding = 4; lastKnownFileType = sourcecode.c.objc; path = TotalsViewController.m; sourceTree = "<group>"; };
/* End PBXFileReference section */

/* Begin PBXFrameworksBuildPhase section */
		F728F57019FF4CA500BB7AC1 /* Frameworks */ = {
			isa = PBXFrameworksBuildPhase;
			buildActionMask = 2147483647;
			files = (
				F742A2D91AF4A42E00CB1988 /* iAd.framework in Frameworks */,
			);
			runOnlyForDeploymentPostprocessing = 0;
		};
		F728F58C19FF4CA500BB7AC1 /* Frameworks */ = {
			isa = PBXFrameworksBuildPhase;
			buildActionMask = 2147483647;
			files = (
			);
			runOnlyForDeploymentPostprocessing = 0;
		};
/* End PBXFrameworksBuildPhase section */

/* Begin PBXGroup section */
		F728F56A19FF4CA500BB7AC1 = {
			isa = PBXGroup;
			children = (
				F728F57519FF4CA500BB7AC1 /* CCalc */,
				F728F59219FF4CA600BB7AC1 /* CCalcTests */,
				F728F57419FF4CA500BB7AC1 /* Products */,
				F742A2D81AF4A42E00CB1988 /* iAd.framework */,
			);
			sourceTree = "<group>";
		};
		F728F57419FF4CA500BB7AC1 /* Products */ = {
			isa = PBXGroup;
			children = (
				F728F57319FF4CA500BB7AC1 /* CCalc.app */,
				F728F58F19FF4CA600BB7AC1 /* CCalcTests.xctest */,
			);
			name = Products;
			sourceTree = "<group>";
		};
		F728F57519FF4CA500BB7AC1 /* CCalc */ = {
			isa = PBXGroup;
			children = (
				F7EF53731C4EF82300467559 /* Totals */,
				F7EF536C1C4EDB4900467559 /* Saved Meals */,
				F7EF536B1C4EDB4200467559 /* New Meal */,
				F7EF53671C4EC89A00467559 /* Settings */,
				F742A2E11AF51C7800CB1988 /* Root View */,
				F742A2DE1AF51BC900CB1988 /* Helper */,
				F742A2DD1AF51BBA00CB1988 /* Load Meals */,
				F742A2E21AF6A4B400CB1988 /* Create Meal */,
				F7A8EC081B011F4600265A72 /* Summary View */,
				F7C368711A2C0F4600E8E64F /* Visuals */,
				F7C368701A2C0E8700E8E64F /* View Controllers */,
				F728F5E319FF4D5C00BB7AC1 /* FlatUIKit */,
				F728F5A819FF4D2000BB7AC1 /* Data Model */,
				F728F57D19FF4CA500BB7AC1 /* CCalc.xcdatamodeld */,
				F728F57619FF4CA500BB7AC1 /* Supporting Files */,
			);
			path = CCalc;
			sourceTree = "<group>";
		};
		F728F57619FF4CA500BB7AC1 /* Supporting Files */ = {
			isa = PBXGroup;
			children = (
				F77899571C4EAB95001841D4 /* NSString+RRAdditions.h */,
				F77899581C4EAB95001841D4 /* NSString+RRAdditions.m */,
				F728F57719FF4CA500BB7AC1 /* Info.plist */,
				F728F57819FF4CA500BB7AC1 /* main.m */,
			);
			name = "Supporting Files";
			sourceTree = "<group>";
		};
		F728F59219FF4CA600BB7AC1 /* CCalcTests */ = {
			isa = PBXGroup;
			children = (
				F728F59519FF4CA600BB7AC1 /* CCalcTests.m */,
				F728F59319FF4CA600BB7AC1 /* Supporting Files */,
			);
			path = CCalcTests;
			sourceTree = "<group>";
		};
		F728F59319FF4CA600BB7AC1 /* Supporting Files */ = {
			isa = PBXGroup;
			children = (
				F728F59419FF4CA600BB7AC1 /* Info.plist */,
			);
			name = "Supporting Files";
			sourceTree = "<group>";
		};
		F728F5A819FF4D2000BB7AC1 /* Data Model */ = {
			isa = PBXGroup;
			children = (
				F728F59F19FF4D1400BB7AC1 /* CCMenuItem.h */,
				F728F5A019FF4D1500BB7AC1 /* CCMenuItem.m */,
				F728F5A119FF4D1500BB7AC1 /* CCIngredientItem.h */,
				F728F5A219FF4D1500BB7AC1 /* CCIngredientItem.m */,
				F728F5A319FF4D1500BB7AC1 /* CCNutrition.h */,
				F728F5A419FF4D1500BB7AC1 /* CCNutrition.m */,
				F7DFC0FF1A0538C70011B349 /* Ingredients.h */,
				F7DFC1001A0538C70011B349 /* Ingredients.m */,
				F7DFC0FC1A0538C70011B349 /* SavedMenuItems.h */,
				F7DFC0FD1A0538C70011B349 /* SavedMenuItems.m */,
			);
			name = "Data Model";
			sourceTree = "<group>";
		};
		F728F5E319FF4D5C00BB7AC1 /* FlatUIKit */ = {
			isa = PBXGroup;
			children = (
				F728F5A919FF4D5800BB7AC1 /* FlatUIKit.h */,
				F728F5AE19FF4D5800BB7AC1 /* FUICellBackgroundView.h */,
				F728F5AF19FF4D5800BB7AC1 /* FUICellBackgroundView.m */,
				F728F5BA19FF4D5800BB7AC1 /* UIColor+FlatUI.h */,
				F728F5BB19FF4D5800BB7AC1 /* UIColor+FlatUI.m */,
				F728F5CC19FF4D5900BB7AC1 /* UITableViewCell+FlatUI.h */,
				F728F5CD19FF4D5900BB7AC1 /* UITableViewCell+FlatUI.m */,
			);
			name = FlatUIKit;
			sourceTree = "<group>";
		};
		F742A2DD1AF51BBA00CB1988 /* Load Meals */ = {
			isa = PBXGroup;
			children = (
				F742A2DF1AF51BDD00CB1988 /* Load Meals.storyboard */,
				F728F6061A0445F700BB7AC1 /* LoadItemsTableViewController.h */,
				F728F6071A0445F700BB7AC1 /* LoadItemsTableViewController.m */,
				F728F6091A04527100BB7AC1 /* LoadedDetailsTableViewController.h */,
				F728F60A1A04527100BB7AC1 /* LoadedDetailsTableViewController.m */,
			);
			name = "Load Meals";
			sourceTree = "<group>";
		};
		F742A2DE1AF51BC900CB1988 /* Helper */ = {
			isa = PBXGroup;
			children = (
				F742A2DA1AF51BA300CB1988 /* UIViewController+RRAdditions.h */,
				F742A2DB1AF51BA300CB1988 /* UIViewController+RRAdditions.m */,
			);
			name = Helper;
			sourceTree = "<group>";
		};
		F742A2E11AF51C7800CB1988 /* Root View */ = {
			isa = PBXGroup;
			children = (
				F728F5E419FF4D9E00BB7AC1 /* Main.storyboard */,
				F728F57A19FF4CA500BB7AC1 /* AppDelegate.h */,
				F728F57B19FF4CA500BB7AC1 /* AppDelegate.m */,
				F728F5E519FF4D9E00BB7AC1 /* AppRootViewController.h */,
				F728F5E619FF4D9E00BB7AC1 /* AppRootViewController.m */,
				F778995D1C4EB47C001841D4 /* MainStoryboard.storyboard */,
			);
			name = "Root View";
			sourceTree = "<group>";
		};
		F742A2E21AF6A4B400CB1988 /* Create Meal */ = {
			isa = PBXGroup;
			children = (
				F742A2E31AF6A4E000CB1988 /* CreateMealsRoot.storyboard */,
				F742A2E51AF6A9E300CB1988 /* CreateMealsRootViewController.h */,
				F742A2E61AF6A9E400CB1988 /* CreateMealsRootViewController.m */,
			);
			name = "Create Meal";
			sourceTree = "<group>";
		};
		F7A8EC081B011F4600265A72 /* Summary View */ = {
			isa = PBXGroup;
			children = (
				F7A8EC091B011F6B00265A72 /* SummaryViewController.storyboard */,
				F728F5F119FF4D9E00BB7AC1 /* SummaryViewController.h */,
				F728F5F219FF4D9E00BB7AC1 /* SummaryViewController.m */,
				F728F5F319FF4D9E00BB7AC1 /* EditMenuTableViewController.h */,
				F728F5F419FF4D9E00BB7AC1 /* EditMenuTableViewController.m */,
			);
			name = "Summary View";
			sourceTree = "<group>";
		};
		F7C368701A2C0E8700E8E64F /* View Controllers */ = {
			isa = PBXGroup;
			children = (
				F728F5E719FF4D9E00BB7AC1 /* MealViewController.h */,
				F728F5E819FF4D9E00BB7AC1 /* MealViewController.m */,
				F728F5E919FF4D9E00BB7AC1 /* MeatViewController.h */,
				F728F5EA19FF4D9E00BB7AC1 /* MeatViewController.m */,
				F728F5EB19FF4D9E00BB7AC1 /* BeansViewController.h */,
				F728F5EC19FF4D9E00BB7AC1 /* BeansViewController.m */,
				F728F5ED19FF4D9E00BB7AC1 /* SalsaViewController.h */,
				F728F5EE19FF4D9E00BB7AC1 /* SalsaViewController.m */,
				F728F5EF19FF4D9E00BB7AC1 /* CondimentViewController.h */,
				F728F5F019FF4D9E00BB7AC1 /* CondimentViewController.m */,
			);
			name = "View Controllers";
			sourceTree = "<group>";
		};
		F7C368711A2C0F4600E8E64F /* Visuals */ = {
			isa = PBXGroup;
			children = (
				F728F5F519FF4D9E00BB7AC1 /* TableViewCell.h */,
				F728F5F619FF4D9E00BB7AC1 /* TableViewCell.m */,
				F728F5F719FF4D9E00BB7AC1 /* TableViewCell.xib */,
				F728F58619FF4CA500BB7AC1 /* Images.xcassets */,
			);
			name = Visuals;
			sourceTree = "<group>";
		};
		F7EF53671C4EC89A00467559 /* Settings */ = {
			isa = PBXGroup;
			children = (
				F7EF53681C4EC8AD00467559 /* SettingsViewController.h */,
				F7EF53691C4EC8AD00467559 /* SettingsViewController.m */,
			);
			name = Settings;
			sourceTree = "<group>";
		};
		F7EF536B1C4EDB4200467559 /* New Meal */ = {
			isa = PBXGroup;
			children = (
				F7EF536D1C4EDB6100467559 /* NewMealViewController.h */,
				F7EF536E1C4EDB6100467559 /* NewMealViewController.m */,
			);
			name = "New Meal";
			sourceTree = "<group>";
		};
		F7EF536C1C4EDB4900467559 /* Saved Meals */ = {
			isa = PBXGroup;
			children = (
				F7EF53701C4EDB7000467559 /* SavedMealsViewController.h */,
				F7EF53711C4EDB7000467559 /* SavedMealsViewController.m */,
			);
			name = "Saved Meals";
			sourceTree = "<group>";
		};
		F7EF53731C4EF82300467559 /* Totals */ = {
			isa = PBXGroup;
			children = (
				F7EF53741C4EF82F00467559 /* TotalsViewController.h */,
				F7EF53751C4EF82F00467559 /* TotalsViewController.m */,
			);
			name = Totals;
			sourceTree = "<group>";
		};
/* End PBXGroup section */

/* Begin PBXNativeTarget section */
		F728F57219FF4CA500BB7AC1 /* CCalc */ = {
			isa = PBXNativeTarget;
			buildConfigurationList = F728F59919FF4CA600BB7AC1 /* Build configuration list for PBXNativeTarget "CCalc" */;
			buildPhases = (
				F728F56F19FF4CA500BB7AC1 /* Sources */,
				F728F57019FF4CA500BB7AC1 /* Frameworks */,
				F728F57119FF4CA500BB7AC1 /* Resources */,
			);
			buildRules = (
			);
			dependencies = (
			);
			name = CCalc;
			productName = CCalc;
			productReference = F728F57319FF4CA500BB7AC1 /* CCalc.app */;
			productType = "com.apple.product-type.application";
		};
		F728F58E19FF4CA500BB7AC1 /* CCalcTests */ = {
			isa = PBXNativeTarget;
			buildConfigurationList = F728F59C19FF4CA600BB7AC1 /* Build configuration list for PBXNativeTarget "CCalcTests" */;
			buildPhases = (
				F728F58B19FF4CA500BB7AC1 /* Sources */,
				F728F58C19FF4CA500BB7AC1 /* Frameworks */,
				F728F58D19FF4CA500BB7AC1 /* Resources */,
			);
			buildRules = (
			);
			dependencies = (
				F728F59119FF4CA600BB7AC1 /* PBXTargetDependency */,
			);
			name = CCalcTests;
			productName = CCalcTests;
			productReference = F728F58F19FF4CA600BB7AC1 /* CCalcTests.xctest */;
			productType = "com.apple.product-type.bundle.unit-test";
		};
/* End PBXNativeTarget section */

/* Begin PBXProject section */
		F728F56B19FF4CA500BB7AC1 /* Project object */ = {
			isa = PBXProject;
			attributes = {
				LastUpgradeCheck = 0720;
				ORGANIZATIONNAME = joshwoods;
				TargetAttributes = {
					F728F57219FF4CA500BB7AC1 = {
						CreatedOnToolsVersion = 6.1;
						DevelopmentTeam = LY9WTRZMPA;
					};
					F728F58E19FF4CA500BB7AC1 = {
						CreatedOnToolsVersion = 6.1;
						TestTargetID = F728F57219FF4CA500BB7AC1;
					};
				};
			};
			buildConfigurationList = F728F56E19FF4CA500BB7AC1 /* Build configuration list for PBXProject "CCalc" */;
			compatibilityVersion = "Xcode 3.2";
			developmentRegion = English;
			hasScannedForEncodings = 0;
			knownRegions = (
				en,
				Base,
			);
			mainGroup = F728F56A19FF4CA500BB7AC1;
			productRefGroup = F728F57419FF4CA500BB7AC1 /* Products */;
			projectDirPath = "";
			projectRoot = "";
			targets = (
				F728F57219FF4CA500BB7AC1 /* CCalc */,
				F728F58E19FF4CA500BB7AC1 /* CCalcTests */,
			);
		};
/* End PBXProject section */

/* Begin PBXResourcesBuildPhase section */
		F728F57119FF4CA500BB7AC1 /* Resources */ = {
			isa = PBXResourcesBuildPhase;
			buildActionMask = 2147483647;
			files = (
				F7A8EC0A1B011F6B00265A72 /* SummaryViewController.storyboard in Resources */,
				F728F5F819FF4D9E00BB7AC1 /* Main.storyboard in Resources */,
				F728F60219FF4D9E00BB7AC1 /* TableViewCell.xib in Resources */,
				F778995E1C4EB47C001841D4 /* MainStoryboard.storyboard in Resources */,
				F742A2E01AF51BDD00CB1988 /* Load Meals.storyboard in Resources */,
				F742A2E41AF6A4E000CB1988 /* CreateMealsRoot.storyboard in Resources */,
				F728F58719FF4CA500BB7AC1 /* Images.xcassets in Resources */,
			);
			runOnlyForDeploymentPostprocessing = 0;
		};
		F728F58D19FF4CA500BB7AC1 /* Resources */ = {
			isa = PBXResourcesBuildPhase;
			buildActionMask = 2147483647;
			files = (
			);
			runOnlyForDeploymentPostprocessing = 0;
		};
/* End PBXResourcesBuildPhase section */

/* Begin PBXSourcesBuildPhase section */
		F728F56F19FF4CA500BB7AC1 /* Sources */ = {
			isa = PBXSourcesBuildPhase;
			buildActionMask = 2147483647;
			files = (
				F728F60B1A04527100BB7AC1 /* LoadedDetailsTableViewController.m in Sources */,
				F7EF53761C4EF82F00467559 /* TotalsViewController.m in Sources */,
				F7EF536F1C4EDB6100467559 /* NewMealViewController.m in Sources */,
				F728F5E119FF4D5900BB7AC1 /* UITableViewCell+FlatUI.m in Sources */,
				F728F5A519FF4D1500BB7AC1 /* CCMenuItem.m in Sources */,
				F742A2DC1AF51BA300CB1988 /* UIViewController+RRAdditions.m in Sources */,
				F7DFC0FE1A0538C70011B349 /* SavedMenuItems.m in Sources */,
				F77899591C4EAB95001841D4 /* NSString+RRAdditions.m in Sources */,
				F728F57C19FF4CA500BB7AC1 /* AppDelegate.m in Sources */,
				F728F5FC19FF4D9E00BB7AC1 /* BeansViewController.m in Sources */,
				F7EF53721C4EDB7000467559 /* SavedMealsViewController.m in Sources */,
				F728F60119FF4D9E00BB7AC1 /* TableViewCell.m in Sources */,
				F728F5A719FF4D1500BB7AC1 /* CCNutrition.m in Sources */,
				F7DFC1011A0538C70011B349 /* Ingredients.m in Sources */,
				F728F57F19FF4CA500BB7AC1 /* CCalc.xcdatamodeld in Sources */,
				F742A2E71AF6A9E400CB1988 /* CreateMealsRootViewController.m in Sources */,
				F728F5FA19FF4D9E00BB7AC1 /* MealViewController.m in Sources */,
				F728F5D819FF4D5900BB7AC1 /* UIColor+FlatUI.m in Sources */,
				F728F5A619FF4D1500BB7AC1 /* CCIngredientItem.m in Sources */,
				F728F5FE19FF4D9E00BB7AC1 /* CondimentViewController.m in Sources */,
				F728F5F919FF4D9E00BB7AC1 /* AppRootViewController.m in Sources */,
				F728F6081A0445F700BB7AC1 /* LoadItemsTableViewController.m in Sources */,
				F728F5FD19FF4D9E00BB7AC1 /* SalsaViewController.m in Sources */,
				F728F5D219FF4D5900BB7AC1 /* FUICellBackgroundView.m in Sources */,
				F728F57919FF4CA500BB7AC1 /* main.m in Sources */,
				F728F60019FF4D9E00BB7AC1 /* EditMenuTableViewController.m in Sources */,
				F728F5FB19FF4D9E00BB7AC1 /* MeatViewController.m in Sources */,
				F728F5FF19FF4D9E00BB7AC1 /* SummaryViewController.m in Sources */,
				F7EF536A1C4EC8AD00467559 /* SettingsViewController.m in Sources */,
			);
			runOnlyForDeploymentPostprocessing = 0;
		};
		F728F58B19FF4CA500BB7AC1 /* Sources */ = {
			isa = PBXSourcesBuildPhase;
			buildActionMask = 2147483647;
			files = (
				F728F59619FF4CA600BB7AC1 /* CCalcTests.m in Sources */,
			);
			runOnlyForDeploymentPostprocessing = 0;
		};
/* End PBXSourcesBuildPhase section */

/* Begin PBXTargetDependency section */
		F728F59119FF4CA600BB7AC1 /* PBXTargetDependency */ = {
			isa = PBXTargetDependency;
			target = F728F57219FF4CA500BB7AC1 /* CCalc */;
			targetProxy = F728F59019FF4CA600BB7AC1 /* PBXContainerItemProxy */;
		};
/* End PBXTargetDependency section */

/* Begin XCBuildConfiguration section */
		F728F59719FF4CA600BB7AC1 /* Debug */ = {
			isa = XCBuildConfiguration;
			buildSettings = {
				ALWAYS_SEARCH_USER_PATHS = NO;
				CLANG_CXX_LANGUAGE_STANDARD = "gnu++0x";
				CLANG_CXX_LIBRARY = "libc++";
				CLANG_ENABLE_MODULES = YES;
				CLANG_ENABLE_OBJC_ARC = YES;
				CLANG_WARN_BOOL_CONVERSION = YES;
				CLANG_WARN_CONSTANT_CONVERSION = YES;
				CLANG_WARN_DIRECT_OBJC_ISA_USAGE = YES_ERROR;
				CLANG_WARN_EMPTY_BODY = YES;
				CLANG_WARN_ENUM_CONVERSION = YES;
				CLANG_WARN_INT_CONVERSION = YES;
				CLANG_WARN_OBJC_ROOT_CLASS = YES_ERROR;
				CLANG_WARN_UNREACHABLE_CODE = YES;
				CLANG_WARN__DUPLICATE_METHOD_MATCH = YES;
				"CODE_SIGN_IDENTITY[sdk=iphoneos*]" = "iPhone Developer";
				COPY_PHASE_STRIP = NO;
				ENABLE_STRICT_OBJC_MSGSEND = YES;
				ENABLE_TESTABILITY = YES;
				GCC_C_LANGUAGE_STANDARD = gnu99;
				GCC_DYNAMIC_NO_PIC = NO;
				GCC_OPTIMIZATION_LEVEL = 0;
				GCC_PREPROCESSOR_DEFINITIONS = (
					"DEBUG=1",
					"$(inherited)",
				);
				GCC_SYMBOLS_PRIVATE_EXTERN = NO;
				GCC_WARN_64_TO_32_BIT_CONVERSION = YES;
				GCC_WARN_ABOUT_RETURN_TYPE = YES_ERROR;
				GCC_WARN_UNDECLARED_SELECTOR = YES;
				GCC_WARN_UNINITIALIZED_AUTOS = YES_AGGRESSIVE;
				GCC_WARN_UNUSED_FUNCTION = YES;
				GCC_WARN_UNUSED_VARIABLE = YES;
				IPHONEOS_DEPLOYMENT_TARGET = 7.0;
				MTL_ENABLE_DEBUG_INFO = YES;
				ONLY_ACTIVE_ARCH = YES;
				SDKROOT = iphoneos;
			};
			name = Debug;
		};
		F728F59819FF4CA600BB7AC1 /* Release */ = {
			isa = XCBuildConfiguration;
			buildSettings = {
				ALWAYS_SEARCH_USER_PATHS = NO;
				CLANG_CXX_LANGUAGE_STANDARD = "gnu++0x";
				CLANG_CXX_LIBRARY = "libc++";
				CLANG_ENABLE_MODULES = YES;
				CLANG_ENABLE_OBJC_ARC = YES;
				CLANG_WARN_BOOL_CONVERSION = YES;
				CLANG_WARN_CONSTANT_CONVERSION = YES;
				CLANG_WARN_DIRECT_OBJC_ISA_USAGE = YES_ERROR;
				CLANG_WARN_EMPTY_BODY = YES;
				CLANG_WARN_ENUM_CONVERSION = YES;
				CLANG_WARN_INT_CONVERSION = YES;
				CLANG_WARN_OBJC_ROOT_CLASS = YES_ERROR;
				CLANG_WARN_UNREACHABLE_CODE = YES;
				CLANG_WARN__DUPLICATE_METHOD_MATCH = YES;
				"CODE_SIGN_IDENTITY[sdk=iphoneos*]" = "iPhone Developer";
				COPY_PHASE_STRIP = YES;
				ENABLE_NS_ASSERTIONS = NO;
				ENABLE_STRICT_OBJC_MSGSEND = YES;
				GCC_C_LANGUAGE_STANDARD = gnu99;
				GCC_WARN_64_TO_32_BIT_CONVERSION = YES;
				GCC_WARN_ABOUT_RETURN_TYPE = YES_ERROR;
				GCC_WARN_UNDECLARED_SELECTOR = YES;
				GCC_WARN_UNINITIALIZED_AUTOS = YES_AGGRESSIVE;
				GCC_WARN_UNUSED_FUNCTION = YES;
				GCC_WARN_UNUSED_VARIABLE = YES;
				IPHONEOS_DEPLOYMENT_TARGET = 7.0;
				MTL_ENABLE_DEBUG_INFO = NO;
				SDKROOT = iphoneos;
				VALIDATE_PRODUCT = YES;
			};
			name = Release;
		};
		F728F59A19FF4CA600BB7AC1 /* Debug */ = {
			isa = XCBuildConfiguration;
			buildSettings = {
				ASSETCATALOG_COMPILER_APPICON_NAME = AppIcon;
				ASSETCATALOG_COMPILER_LAUNCHIMAGE_NAME = LaunchImage;
				CODE_SIGN_IDENTITY = "iPhone Developer";
				INFOPLIST_FILE = CCalc/Info.plist;
				IPHONEOS_DEPLOYMENT_TARGET = 7.0;
				LD_RUNPATH_SEARCH_PATHS = "$(inherited) @executable_path/Frameworks";
				PRODUCT_BUNDLE_IDENTIFIER = com.sdoowhsoj.ccalc;
				PRODUCT_NAME = "$(TARGET_NAME)";
			};
			name = Debug;
		};
		F728F59B19FF4CA600BB7AC1 /* Release */ = {
			isa = XCBuildConfiguration;
			buildSettings = {
				ASSETCATALOG_COMPILER_APPICON_NAME = AppIcon;
				ASSETCATALOG_COMPILER_LAUNCHIMAGE_NAME = LaunchImage;
				CODE_SIGN_IDENTITY = "iPhone Developer";
				INFOPLIST_FILE = CCalc/Info.plist;
				IPHONEOS_DEPLOYMENT_TARGET = 7.0;
				LD_RUNPATH_SEARCH_PATHS = "$(inherited) @executable_path/Frameworks";
				PRODUCT_BUNDLE_IDENTIFIER = com.sdoowhsoj.ccalc;
				PRODUCT_NAME = "$(TARGET_NAME)";
			};
			name = Release;
		};
		F728F59D19FF4CA600BB7AC1 /* Debug */ = {
			isa = XCBuildConfiguration;
			buildSettings = {
				BUNDLE_LOADER = "$(TEST_HOST)";
				FRAMEWORK_SEARCH_PATHS = (
					"$(SDKROOT)/Developer/Library/Frameworks",
					"$(inherited)",
				);
				GCC_PREPROCESSOR_DEFINITIONS = (
					"DEBUG=1",
					"$(inherited)",
				);
				INFOPLIST_FILE = CCalcTests/Info.plist;
				LD_RUNPATH_SEARCH_PATHS = "$(inherited) @executable_path/Frameworks @loader_path/Frameworks";
				PRODUCT_BUNDLE_IDENTIFIER = com.joshwoods.ccalc;
				PRODUCT_NAME = "$(TARGET_NAME)";
				TEST_HOST = "$(BUILT_PRODUCTS_DIR)/CCalc.app/CCalc";
			};
			name = Debug;
		};
		F728F59E19FF4CA600BB7AC1 /* Release */ = {
			isa = XCBuildConfiguration;
			buildSettings = {
				BUNDLE_LOADER = "$(TEST_HOST)";
				FRAMEWORK_SEARCH_PATHS = (
					"$(SDKROOT)/Developer/Library/Frameworks",
					"$(inherited)",
				);
				INFOPLIST_FILE = CCalcTests/Info.plist;
				LD_RUNPATH_SEARCH_PATHS = "$(inherited) @executable_path/Frameworks @loader_path/Frameworks";
				PRODUCT_BUNDLE_IDENTIFIER = com.joshwoods.ccalc;
				PRODUCT_NAME = "$(TARGET_NAME)";
				TEST_HOST = "$(BUILT_PRODUCTS_DIR)/CCalc.app/CCalc";
			};
			name = Release;
		};
/* End XCBuildConfiguration section */

/* Begin XCConfigurationList section */
		F728F56E19FF4CA500BB7AC1 /* Build configuration list for PBXProject "CCalc" */ = {
			isa = XCConfigurationList;
			buildConfigurations = (
				F728F59719FF4CA600BB7AC1 /* Debug */,
				F728F59819FF4CA600BB7AC1 /* Release */,
			);
			defaultConfigurationIsVisible = 0;
			defaultConfigurationName = Release;
		};
		F728F59919FF4CA600BB7AC1 /* Build configuration list for PBXNativeTarget "CCalc" */ = {
			isa = XCConfigurationList;
			buildConfigurations = (
				F728F59A19FF4CA600BB7AC1 /* Debug */,
				F728F59B19FF4CA600BB7AC1 /* Release */,
			);
			defaultConfigurationIsVisible = 0;
			defaultConfigurationName = Release;
		};
		F728F59C19FF4CA600BB7AC1 /* Build configuration list for PBXNativeTarget "CCalcTests" */ = {
			isa = XCConfigurationList;
			buildConfigurations = (
				F728F59D19FF4CA600BB7AC1 /* Debug */,
				F728F59E19FF4CA600BB7AC1 /* Release */,
			);
			defaultConfigurationIsVisible = 0;
			defaultConfigurationName = Release;
		};
/* End XCConfigurationList section */

/* Begin XCVersionGroup section */
		F728F57D19FF4CA500BB7AC1 /* CCalc.xcdatamodeld */ = {
			isa = XCVersionGroup;
			children = (
				F728F57E19FF4CA500BB7AC1 /* CCalc.xcdatamodel */,
			);
			currentVersion = F728F57E19FF4CA500BB7AC1 /* CCalc.xcdatamodel */;
			path = CCalc.xcdatamodeld;
			sourceTree = "<group>";
			versionGroupType = wrapper.xcdatamodel;
		};
/* End XCVersionGroup section */
	};
	rootObject = F728F56B19FF4CA500BB7AC1 /* Project object */;
}
